
Microsoft Visual Studio Solution File, Format Version 12.00
# Visual Studio 14
VisualStudioVersion = 14.0.25420.1
MinimumVisualStudioVersion = 10.0.40219.1
Project("{FAE04EC0-301F-11D3-BF4B-00C04F79EFBC}") = "Cric-O-Phobia", "Cric-O-Phobia\Cric-O-Phobia.csproj", "{2352CBD7-2D28-465F-BF52-0F67F4EDDA43}"
EndProject
Global
	GlobalSection(SolutionConfigurationPlatforms) = preSolution
		Debug|Any CPU = Debug|Any CPU
		Release|Any CPU = Release|Any CPU
	EndGlobalSection
	GlobalSection(ProjectConfigurationPlatforms) = postSolution
		{2352CBD7-2D28-465F-BF52-0F67F4EDDA43}.Debug|Any CPU.ActiveCfg = Debug|Any CPU
		{2352CBD7-2D28-465F-BF52-0F67F4EDDA43}.Debug|Any CPU.Build.0 = Debug|Any CPU
		{2352CBD7-2D28-465F-BF52-0F67F4EDDA43}.Release|Any CPU.ActiveCfg = Release|Any CPU
		{2352CBD7-2D28-465F-BF52-0F67F4EDDA43}.Release|Any CPU.Build.0 = Release|Any CPU
	EndGlobalSection
	GlobalSection(SolutionProperties) = preSolution
		HideSolutionNode = FALSE
	EndGlobalSection
EndGlobal
